
Microsoft Visual Studio Solution File, Format Version 12.00
# Visual Studio Version 17
VisualStudioVersion = 17.7.34024.191
MinimumVisualStudioVersion = 10.0.40219.1
Project("{FAE04EC0-301F-11D3-BF4B-00C04F79EFBC}") = "AdventOfCode", "AdventOfCode\AdventOfCode.csproj", "{80086C7A-FB0F-4F57-BC1D-D973753CDB2D}"
EndProject
Global
	GlobalSection(SolutionConfigurationPlatforms) = preSolution
		Debug|Any CPU = Debug|Any CPU
		Release|Any CPU = Release|Any CPU
	EndGlobalSection
	GlobalSection(ProjectConfigurationPlatforms) = postSolution
		{80086C7A-FB0F-4F57-BC1D-D973753CDB2D}.Debug|Any CPU.ActiveCfg = Debug|Any CPU
		{80086C7A-FB0F-4F57-BC1D-D973753CDB2D}.Debug|Any CPU.Build.0 = Debug|Any CPU
		{80086C7A-FB0F-4F57-BC1D-D973753CDB2D}.Release|Any CPU.ActiveCfg = Release|Any CPU
		{80086C7A-FB0F-4F57-BC1D-D973753CDB2D}.Release|Any CPU.Build.0 = Release|Any CPU
	EndGlobalSection
	GlobalSection(SolutionProperties) = preSolution
		HideSolutionNode = FALSE
	EndGlobalSection
	GlobalSection(ExtensibilityGlobals) = postSolution
		SolutionGuid = {6F92A4CE-6EB3-486A-BD70-104B04167A06}
	EndGlobalSection
EndGlobal
